{
    "_readme": [
        "This file locks the dependencies of your project to a known state",
        "Read more about it at https://getcomposer.org/doc/01-basic-usage.md#installing-dependencies",
        "This file is @generated automatically"
    ],
    "content-hash": "a5e8feeb7407449390c00c9df68e5d3b",
    "packages": [
        {
            "name": "chillerlan/php-qrcode",
            "version": "4.3.4",
            "source": {
                "type": "git",
                "url": "https://github.com/chillerlan/php-qrcode.git",
                "reference": "2ca4bf5ae048af1981d1023ee42a0a2a9d51e51d"
            },
            "dist": {
                "type": "zip",
                "url": "https://api.github.com/repos/chillerlan/php-qrcode/zipball/2ca4bf5ae048af1981d1023ee42a0a2a9d51e51d",
                "reference": "2ca4bf5ae048af1981d1023ee42a0a2a9d51e51d",
                "shasum": ""
            },
            "require": {
                "chillerlan/php-settings-container": "^2.1.4",
                "ext-mbstring": "*",
                "php": "^7.4 || ^8.0"
            },
            "require-dev": {
                "phan/phan": "^5.3",
                "phpunit/phpunit": "^9.5",
                "setasign/fpdf": "^1.8.2"
            },
            "suggest": {
                "chillerlan/php-authenticator": "Yet another Google authenticator! Also creates URIs for mobile apps.",
                "setasign/fpdf": "Required to use the QR FPDF output."
            },
            "type": "library",
            "autoload": {
                "psr-4": {
                    "chillerlan\\QRCode\\": "src/"
                }
            },
            "notification-url": "https://packagist.org/downloads/",
            "license": [
                "MIT"
            ],
            "authors": [
                {
                    "name": "Kazuhiko Arase",
                    "homepage": "https://github.com/kazuhikoarase"
                },
                {
                    "name": "Smiley",
                    "email": "smiley@chillerlan.net",
                    "homepage": "https://github.com/codemasher"
                },
                {
                    "name": "Contributors",
                    "homepage": "https://github.com/chillerlan/php-qrcode/graphs/contributors"
                }
            ],
            "description": "A QR code generator. PHP 7.4+",
            "homepage": "https://github.com/chillerlan/php-qrcode",
            "keywords": [
                "phpqrcode",
                "qr",
                "qr code",
                "qrcode",
                "qrcode-generator"
            ],
            "support": {
                "issues": "https://github.com/chillerlan/php-qrcode/issues",
                "source": "https://github.com/chillerlan/php-qrcode/tree/4.3.4"
            },
            "funding": [
                {
                    "url": "https://www.paypal.com/donate?hosted_button_id=WLYUNAT9ZTJZ4",
                    "type": "custom"
                },
                {
                    "url": "https://ko-fi.com/codemasher",
                    "type": "ko_fi"
                }
            ],
            "time": "2022-07-25T09:12:45+00:00"
        },
        {
            "name": "chillerlan/php-settings-container",
            "version": "2.1.4",
            "source": {
                "type": "git",
                "url": "https://github.com/chillerlan/php-settings-container.git",
                "reference": "1beb7df3c14346d4344b0b2e12f6f9a74feabd4a"
            },
            "dist": {
                "type": "zip",
                "url": "https://api.github.com/repos/chillerlan/php-settings-container/zipball/1beb7df3c14346d4344b0b2e12f6f9a74feabd4a",
                "reference": "1beb7df3c14346d4344b0b2e12f6f9a74feabd4a",
                "shasum": ""
            },
            "require": {
                "ext-json": "*",
                "php": "^7.4 || ^8.0"
            },
            "require-dev": {
                "phan/phan": "^5.3",
                "phpunit/phpunit": "^9.5"
            },
            "type": "library",
            "autoload": {
                "psr-4": {
                    "chillerlan\\Settings\\": "src/"
                }
            },
            "notification-url": "https://packagist.org/downloads/",
            "license": [
                "MIT"
            ],
            "authors": [
                {
                    "name": "Smiley",
                    "email": "smiley@chillerlan.net",
                    "homepage": "https://github.com/codemasher"
                }
            ],
            "description": "A container class for immutable settings objects. Not a DI container. PHP 7.4+",
            "homepage": "https://github.com/chillerlan/php-settings-container",
            "keywords": [
                "PHP7",
                "Settings",
                "configuration",
                "container",
                "helper"
            ],
            "support": {
                "issues": "https://github.com/chillerlan/php-settings-container/issues",
                "source": "https://github.com/chillerlan/php-settings-container"
            },
            "funding": [
                {
                    "url": "https://www.paypal.com/donate?hosted_button_id=WLYUNAT9ZTJZ4",
                    "type": "custom"
                },
                {
                    "url": "https://ko-fi.com/codemasher",
                    "type": "ko_fi"
                }
            ],
            "time": "2022-07-05T22:32:14+00:00"
        },
        {
            "name": "google/recaptcha",
            "version": "1.3.0",
            "source": {
                "type": "git",
                "url": "https://github.com/google/recaptcha.git",
                "reference": "d59a801e98a4e9174814a6d71bbc268dff1202df"
            },
            "dist": {
                "type": "zip",
                "url": "https://api.github.com/repos/google/recaptcha/zipball/d59a801e98a4e9174814a6d71bbc268dff1202df",
                "reference": "d59a801e98a4e9174814a6d71bbc268dff1202df",
                "shasum": ""
            },
            "require": {
                "php": ">=8"
            },
            "require-dev": {
                "friendsofphp/php-cs-fixer": "^3.14",
                "php-coveralls/php-coveralls": "^2.5",
                "phpunit/phpunit": "^10"
            },
            "type": "library",
            "extra": {
                "branch-alias": {
                    "dev-master": "1.3.x-dev"
                }
            },
            "autoload": {
                "psr-4": {
                    "ReCaptcha\\": "src/ReCaptcha"
                }
            },
            "notification-url": "https://packagist.org/downloads/",
            "license": [
                "BSD-3-Clause"
            ],
            "description": "Client library for reCAPTCHA, a free service that protects websites from spam and abuse.",
            "homepage": "https://www.google.com/recaptcha/",
            "keywords": [
                "Abuse",
                "captcha",
                "recaptcha",
                "spam"
            ],
            "support": {
                "forum": "https://groups.google.com/forum/#!forum/recaptcha",
                "issues": "https://github.com/google/recaptcha/issues",
                "source": "https://github.com/google/recaptcha"
            },
            "time": "2023-02-18T17:41:46+00:00"
        },
        {
            "name": "phpmailer/phpmailer",
            "version": "v6.8.0",
            "source": {
                "type": "git",
                "url": "https://github.com/PHPMailer/PHPMailer.git",
                "reference": "df16b615e371d81fb79e506277faea67a1be18f1"
            },
            "dist": {
                "type": "zip",
                "url": "https://api.github.com/repos/PHPMailer/PHPMailer/zipball/df16b615e371d81fb79e506277faea67a1be18f1",
                "reference": "df16b615e371d81fb79e506277faea67a1be18f1",
                "shasum": ""
            },
            "require": {
                "ext-ctype": "*",
                "ext-filter": "*",
                "ext-hash": "*",
                "php": ">=5.5.0"
            },
            "require-dev": {
                "dealerdirect/phpcodesniffer-composer-installer": "^0.7.2",
                "doctrine/annotations": "^1.2.6 || ^1.13.3",
                "php-parallel-lint/php-console-highlighter": "^1.0.0",
                "php-parallel-lint/php-parallel-lint": "^1.3.2",
                "phpcompatibility/php-compatibility": "^9.3.5",
                "roave/security-advisories": "dev-latest",
                "squizlabs/php_codesniffer": "^3.7.1",
                "yoast/phpunit-polyfills": "^1.0.4"
            },
            "suggest": {
                "ext-mbstring": "Needed to send email in multibyte encoding charset or decode encoded addresses",
                "ext-openssl": "Needed for secure SMTP sending and DKIM signing",
                "greew/oauth2-azure-provider": "Needed for Microsoft Azure XOAUTH2 authentication",
                "hayageek/oauth2-yahoo": "Needed for Yahoo XOAUTH2 authentication",
                "league/oauth2-google": "Needed for Google XOAUTH2 authentication",
                "psr/log": "For optional PSR-3 debug logging",
                "symfony/polyfill-mbstring": "To support UTF-8 if the Mbstring PHP extension is not enabled (^1.2)",
                "thenetworg/oauth2-azure": "Needed for Microsoft XOAUTH2 authentication"
            },
            "type": "library",
            "autoload": {
                "psr-4": {
                    "PHPMailer\\PHPMailer\\": "src/"
                }
            },
            "notification-url": "https://packagist.org/downloads/",
            "license": [
                "LGPL-2.1-only"
            ],
            "authors": [
                {
                    "name": "Marcus Bointon",
                    "email": "phpmailer@synchromedia.co.uk"
                },
                {
                    "name": "Jim Jagielski",
                    "email": "jimjag@gmail.com"
                },
                {
                    "name": "Andy Prevost",
                    "email": "codeworxtech@users.sourceforge.net"
                },
                {
                    "name": "Brent R. Matzelle"
                }
            ],
            "description": "PHPMailer is a full-featured email creation and transfer class for PHP",
            "support": {
                "issues": "https://github.com/PHPMailer/PHPMailer/issues",
                "source": "https://github.com/PHPMailer/PHPMailer/tree/v6.8.0"
            },
            "funding": [
                {
                    "url": "https://github.com/Synchro",
                    "type": "github"
                }
            ],
            "time": "2023-03-06T14:43:22+00:00"
        }
    ],
    "packages-dev": [],
    "aliases": [],
    "minimum-stability": "stable",
    "stability-flags": [],
    "prefer-stable": false,
    "prefer-lowest": false,
    "platform": [],
    "platform-dev": [],
    "plugin-api-version": "2.3.0"
}
