{
  "name": "pieter",
  "lockfileVersion": 2,
  "requires": true,
  "packages": {
    "": {
      "dependencies": {
        "html-to-image": "^1.11.11",
        "lozad": "^1.16.0"
      }
    },
    "node_modules/html-to-image": {
      "version": "1.11.11",
      "resolved": "https://registry.npmjs.org/html-to-image/-/html-to-image-1.11.11.tgz",
      "integrity": "sha512-9gux8QhvjRO/erSnDPv28noDZcPZmYE7e1vFsBLKLlRlKDSqNJYebj6Qz1TGd5lsRV+X+xYyjCKjuZdABinWjA=="
    },
    "node_modules/lozad": {
      "version": "1.16.0",
      "resolved": "https://registry.npmjs.org/lozad/-/lozad-1.16.0.tgz",
      "integrity": "sha512-JBr9WjvEFeKoyim3svo/gsQPTkgG/mOHJmDctZ/+U9H3ymUuvEkqpn8bdQMFsvTMcyRJrdJkLv0bXqGm0sP72w=="
    }
  },
  "dependencies": {
    "html-to-image": {
      "version": "1.11.11",
      "resolved": "https://registry.npmjs.org/html-to-image/-/html-to-image-1.11.11.tgz",
      "integrity": "sha512-9gux8QhvjRO/erSnDPv28noDZcPZmYE7e1vFsBLKLlRlKDSqNJYebj6Qz1TGd5lsRV+X+xYyjCKjuZdABinWjA=="
    },
    "lozad": {
      "version": "1.16.0",
      "resolved": "https://registry.npmjs.org/lozad/-/lozad-1.16.0.tgz",
      "integrity": "sha512-JBr9WjvEFeKoyim3svo/gsQPTkgG/mOHJmDctZ/+U9H3ymUuvEkqpn8bdQMFsvTMcyRJrdJkLv0bXqGm0sP72w=="
    }
  }
}
